
Microsoft Visual Studio Solution File, Format Version 12.00
# Visual Studio Version 17
VisualStudioVersion = 17.2.32519.379
MinimumVisualStudioVersion = 10.0.40219.1
Project("{9A19103F-16F7-4668-BE54-9A1E7A4F7556}") = "AcademyHubService.PL", "AcademyHubService.PL\AcademyHubService.PL.csproj", "{E0337FB7-E146-4E67-91C4-C8849D50C0FA}"
EndProject
Project("{2150E333-8FDC-42A3-9474-1A3956D46DE8}") = "01_PublishedLanguage", "01_PublishedLanguage", "{7C51AC0D-172A-4CC1-8FA6-F11876809225}"
EndProject
Project("{2150E333-8FDC-42A3-9474-1A3956D46DE8}") = "02_WriteModel", "02_WriteModel", "{9D69CA7F-9ADC-4957-A11D-A37FF1A076E2}"
EndProject
Project("{2150E333-8FDC-42A3-9474-1A3956D46DE8}") = "Application", "Application", "{30E9144B-A33B-4DEA-9B5C-0897F81BC53A}"
EndProject
Project("{9A19103F-16F7-4668-BE54-9A1E7A4F7556}") = "AcademyHubService.Domain", "AcademyHubService.Domain\AcademyHubService.Domain.csproj", "{CD22D6E4-837C-45A2-AB11-E74BDBC49D63}"
EndProject
Project("{2150E333-8FDC-42A3-9474-1A3956D46DE8}") = "Domain", "Domain", "{70760C75-ABDE-4459-9E11-0A09763AC8D9}"
EndProject
Project("{9A19103F-16F7-4668-BE54-9A1E7A4F7556}") = "AcademyHubService.Domain.Impl", "AcademyHubService.Domain.Impl\AcademyHubService.Domain.Impl.csproj", "{C7B01411-DD2F-4AEC-9FEE-330A2C7C52A0}"
EndProject
Project("{2150E333-8FDC-42A3-9474-1A3956D46DE8}") = "NSBus", "NSBus", "{ADC7A2B4-02D9-4C7C-B1B2-9C1B91A33DED}"
EndProject
Project("{9A19103F-16F7-4668-BE54-9A1E7A4F7556}") = "AcademyHubService.Domain.NSBus", "AcademyHubService.Domain.NSBus\AcademyHubService.Domain.NSBus.csproj", "{6EF1219E-4CE8-45BB-A93B-5AD75B6FDA10}"
EndProject
Project("{9A19103F-16F7-4668-BE54-9A1E7A4F7556}") = "AcademyHubService.App", "AcademyHubService.App\AcademyHubService.App.csproj", "{71865F22-CA9C-4FDC-973E-5AD1941CA585}"
EndProject
Project("{2150E333-8FDC-42A3-9474-1A3956D46DE8}") = "03_ReadModel", "03_ReadModel", "{BB17777B-4C37-4AE1-B628-2B11273908FC}"
EndProject
Project("{2150E333-8FDC-42A3-9474-1A3956D46DE8}") = "Model", "Model", "{E2CFC051-2B50-48C8-8177-165A958F6757}"
EndProject
Project("{9A19103F-16F7-4668-BE54-9A1E7A4F7556}") = "AcademyHubService.ReadModel", "AcademyHubService.ReadModel\AcademyHubService.ReadModel.csproj", "{6D0DD796-9CF9-40D9-BD20-A4549A400A1E}"
EndProject
Project("{2150E333-8FDC-42A3-9474-1A3956D46DE8}") = "Projections", "Projections", "{C50A78DE-FDD8-4BAF-AD0A-4651CEC271A2}"
EndProject
Project("{9A19103F-16F7-4668-BE54-9A1E7A4F7556}") = "AcademyHubService.ReadModel.Projections", "AcademyHubService.ReadModel.Projections\AcademyHubService.ReadModel.Projections.csproj", "{EFB142D3-29AF-469A-89DB-8B6AC855DA27}"
EndProject
Project("{9A19103F-16F7-4668-BE54-9A1E7A4F7556}") = "AcademyHubService.ReadModel.Projections.EventStoreDB", "AcademyHubService.ReadModel.Projections.EventStoreDB\AcademyHubService.ReadModel.Projections.EventStoreDB.csproj", "{C41A5070-1654-41DD-A9A4-953561839A48}"
EndProject
Project("{2150E333-8FDC-42A3-9474-1A3956D46DE8}") = "Queries", "Queries", "{3163812D-6981-4F38-83FB-2300D6DE9540}"
EndProject
Project("{9A19103F-16F7-4668-BE54-9A1E7A4F7556}") = "AcademyHubService.ReadModel.Queries.RavenDB", "AcademyHubService.ReadModel.Queries.RavenDB\AcademyHubService.ReadModel.Queries.RavenDB.csproj", "{40572ADB-0365-4DF6-A03B-28A9708BE5E0}"
EndProject
Project("{9A19103F-16F7-4668-BE54-9A1E7A4F7556}") = "AcademyHubService.WebApi", "AcademyHubService.WebApi\AcademyHubService.WebApi.csproj", "{B5FF634E-CADF-401A-9AE3-C5449AAC461E}"
EndProject
Project("{2150E333-8FDC-42A3-9474-1A3956D46DE8}") = "04_WebApi", "04_WebApi", "{9B73F1D2-0BC6-439E-A2C2-C9C41B3FC061}"
EndProject
Project("{9A19103F-16F7-4668-BE54-9A1E7A4F7556}") = "AcademyHubService.WebApi.ServiceInterface", "AcademyHubService.WebApi.ServiceInterface\AcademyHubService.WebApi.ServiceInterface.csproj", "{2FD3AA29-A37E-4DFC-9DC9-88EE044B5DAA}"
EndProject
Project("{9A19103F-16F7-4668-BE54-9A1E7A4F7556}") = "AcademyHubService.WebApi.ServiceModel", "AcademyHubService.WebApi.ServiceModel\AcademyHubService.WebApi.ServiceModel.csproj", "{A8806375-8939-410E-B5B1-7CA44036BD22}"
EndProject
Project("{9A19103F-16F7-4668-BE54-9A1E7A4F7556}") = "AcademyHubService.Common", "AcademyHubService.Common\AcademyHubService.Common.csproj", "{57A67866-223E-4ED5-BECA-A8B3CA93F95E}"
EndProject
Project("{2150E333-8FDC-42A3-9474-1A3956D46DE8}") = "00_Common", "00_Common", "{CD1433C3-289E-4003-BCA9-B90CC1C868C4}"
EndProject
Project("{2150E333-8FDC-42A3-9474-1A3956D46DE8}") = "Application", "Application", "{A0905FEA-C441-423F-A381-5790ACBA7180}"
EndProject
Project("{9A19103F-16F7-4668-BE54-9A1E7A4F7556}") = "AcademyHubService.ReadModel.App", "AcademyHubService.ReadModel.App\AcademyHubService.ReadModel.App.csproj", "{36CA58FB-5C05-4A07-AE50-ED29B36C9124}"
EndProject
Project("{9A19103F-16F7-4668-BE54-9A1E7A4F7556}") = "AcademyHubService.WebApi.Impl", "AcademyHubService.WebApi.Impl\AcademyHubService.WebApi.Impl.csproj", "{FD185F89-81A0-4F53-9500-2AFCFA3EE02B}"
EndProject
Project("{9A19103F-16F7-4668-BE54-9A1E7A4F7556}") = "AcademyHubService.ReadModel.Impl", "AcademyHubService.ReadModel.Impl\AcademyHubService.ReadModel.Impl.csproj", "{20F3C43A-B693-4E72-AE40-2D8E67C0BBA4}"
EndProject
Project("{2150E333-8FDC-42A3-9474-1A3956D46DE8}") = "Impl", "Impl", "{23EB85C5-4021-4113-A841-F008E13D20CF}"
EndProject
Project("{2150E333-8FDC-42A3-9474-1A3956D46DE8}") = "05_Api", "05_Api", "{0D9E59D6-5355-44FE-A0CD-9D1D747B5807}"
EndProject
Project("{9A19103F-16F7-4668-BE54-9A1E7A4F7556}") = "AcademyHubService.Api", "AcademyHubService.Api\AcademyHubService.Api.csproj", "{8A2BDAB9-9E22-4790-BE70-2FB7A079EB60}"
EndProject
Project("{9A19103F-16F7-4668-BE54-9A1E7A4F7556}") = "AcademyHubService.Api.ServiceModel", "AcademyHubService.Api.ServiceModel\AcademyHubService.Api.ServiceModel.csproj", "{2AA77D09-ED03-4E4E-86C4-9378B42518DD}"
EndProject
Project("{9A19103F-16F7-4668-BE54-9A1E7A4F7556}") = "AcademyHubService.Api.ServiceInterface", "AcademyHubService.Api.ServiceInterface\AcademyHubService.Api.ServiceInterface.csproj", "{2B24F390-8423-4A6C-AF25-0AFC8D3C47EC}"
EndProject
Project("{9A19103F-16F7-4668-BE54-9A1E7A4F7556}") = "AcademyHubService.Api.Impl", "AcademyHubService.Api.Impl\AcademyHubService.Api.Impl.csproj", "{029FC35F-122E-4718-A39D-79D815990EA3}"
EndProject
Project("{2150E333-8FDC-42A3-9474-1A3956D46DE8}") = "09_Docker", "09_Docker", "{4298F898-50A0-4642-979D-2E7E00120E3A}"
	ProjectSection(SolutionItems) = preProject
		databases-stack.yml = databases-stack.yml
		ReadMe.md = ReadMe.md
	EndProjectSection
EndProject
Global
	GlobalSection(SolutionConfigurationPlatforms) = preSolution
		Debug|Any CPU = Debug|Any CPU
		Release|Any CPU = Release|Any CPU
	EndGlobalSection
	GlobalSection(ProjectConfigurationPlatforms) = postSolution
		{E0337FB7-E146-4E67-91C4-C8849D50C0FA}.Debug|Any CPU.ActiveCfg = Debug|Any CPU
		{E0337FB7-E146-4E67-91C4-C8849D50C0FA}.Debug|Any CPU.Build.0 = Debug|Any CPU
		{E0337FB7-E146-4E67-91C4-C8849D50C0FA}.Release|Any CPU.ActiveCfg = Release|Any CPU
		{E0337FB7-E146-4E67-91C4-C8849D50C0FA}.Release|Any CPU.Build.0 = Release|Any CPU
		{CD22D6E4-837C-45A2-AB11-E74BDBC49D63}.Debug|Any CPU.ActiveCfg = Debug|Any CPU
		{CD22D6E4-837C-45A2-AB11-E74BDBC49D63}.Debug|Any CPU.Build.0 = Debug|Any CPU
		{CD22D6E4-837C-45A2-AB11-E74BDBC49D63}.Release|Any CPU.ActiveCfg = Release|Any CPU
		{CD22D6E4-837C-45A2-AB11-E74BDBC49D63}.Release|Any CPU.Build.0 = Release|Any CPU
		{C7B01411-DD2F-4AEC-9FEE-330A2C7C52A0}.Debug|Any CPU.ActiveCfg = Debug|Any CPU
		{C7B01411-DD2F-4AEC-9FEE-330A2C7C52A0}.Debug|Any CPU.Build.0 = Debug|Any CPU
		{C7B01411-DD2F-4AEC-9FEE-330A2C7C52A0}.Release|Any CPU.ActiveCfg = Release|Any CPU
		{C7B01411-DD2F-4AEC-9FEE-330A2C7C52A0}.Release|Any CPU.Build.0 = Release|Any CPU
		{6EF1219E-4CE8-45BB-A93B-5AD75B6FDA10}.Debug|Any CPU.ActiveCfg = Debug|Any CPU
		{6EF1219E-4CE8-45BB-A93B-5AD75B6FDA10}.Debug|Any CPU.Build.0 = Debug|Any CPU
		{6EF1219E-4CE8-45BB-A93B-5AD75B6FDA10}.Release|Any CPU.ActiveCfg = Release|Any CPU
		{6EF1219E-4CE8-45BB-A93B-5AD75B6FDA10}.Release|Any CPU.Build.0 = Release|Any CPU
		{71865F22-CA9C-4FDC-973E-5AD1941CA585}.Debug|Any CPU.ActiveCfg = Debug|Any CPU
		{71865F22-CA9C-4FDC-973E-5AD1941CA585}.Debug|Any CPU.Build.0 = Debug|Any CPU
		{71865F22-CA9C-4FDC-973E-5AD1941CA585}.Release|Any CPU.ActiveCfg = Release|Any CPU
		{71865F22-CA9C-4FDC-973E-5AD1941CA585}.Release|Any CPU.Build.0 = Release|Any CPU
		{6D0DD796-9CF9-40D9-BD20-A4549A400A1E}.Debug|Any CPU.ActiveCfg = Debug|Any CPU
		{6D0DD796-9CF9-40D9-BD20-A4549A400A1E}.Debug|Any CPU.Build.0 = Debug|Any CPU
		{6D0DD796-9CF9-40D9-BD20-A4549A400A1E}.Release|Any CPU.ActiveCfg = Release|Any CPU
		{6D0DD796-9CF9-40D9-BD20-A4549A400A1E}.Release|Any CPU.Build.0 = Release|Any CPU
		{EFB142D3-29AF-469A-89DB-8B6AC855DA27}.Debug|Any CPU.ActiveCfg = Debug|Any CPU
		{EFB142D3-29AF-469A-89DB-8B6AC855DA27}.Debug|Any CPU.Build.0 = Debug|Any CPU
		{EFB142D3-29AF-469A-89DB-8B6AC855DA27}.Release|Any CPU.ActiveCfg = Release|Any CPU
		{EFB142D3-29AF-469A-89DB-8B6AC855DA27}.Release|Any CPU.Build.0 = Release|Any CPU
		{C41A5070-1654-41DD-A9A4-953561839A48}.Debug|Any CPU.ActiveCfg = Debug|Any CPU
		{C41A5070-1654-41DD-A9A4-953561839A48}.Debug|Any CPU.Build.0 = Debug|Any CPU
		{C41A5070-1654-41DD-A9A4-953561839A48}.Release|Any CPU.ActiveCfg = Release|Any CPU
		{C41A5070-1654-41DD-A9A4-953561839A48}.Release|Any CPU.Build.0 = Release|Any CPU
		{40572ADB-0365-4DF6-A03B-28A9708BE5E0}.Debug|Any CPU.ActiveCfg = Debug|Any CPU
		{40572ADB-0365-4DF6-A03B-28A9708BE5E0}.Debug|Any CPU.Build.0 = Debug|Any CPU
		{40572ADB-0365-4DF6-A03B-28A9708BE5E0}.Release|Any CPU.ActiveCfg = Release|Any CPU
		{40572ADB-0365-4DF6-A03B-28A9708BE5E0}.Release|Any CPU.Build.0 = Release|Any CPU
		{B5FF634E-CADF-401A-9AE3-C5449AAC461E}.Debug|Any CPU.ActiveCfg = Debug|Any CPU
		{B5FF634E-CADF-401A-9AE3-C5449AAC461E}.Debug|Any CPU.Build.0 = Debug|Any CPU
		{B5FF634E-CADF-401A-9AE3-C5449AAC461E}.Release|Any CPU.ActiveCfg = Release|Any CPU
		{B5FF634E-CADF-401A-9AE3-C5449AAC461E}.Release|Any CPU.Build.0 = Release|Any CPU
		{2FD3AA29-A37E-4DFC-9DC9-88EE044B5DAA}.Debug|Any CPU.ActiveCfg = Debug|Any CPU
		{2FD3AA29-A37E-4DFC-9DC9-88EE044B5DAA}.Debug|Any CPU.Build.0 = Debug|Any CPU
		{2FD3AA29-A37E-4DFC-9DC9-88EE044B5DAA}.Release|Any CPU.ActiveCfg = Release|Any CPU
		{2FD3AA29-A37E-4DFC-9DC9-88EE044B5DAA}.Release|Any CPU.Build.0 = Release|Any CPU
		{A8806375-8939-410E-B5B1-7CA44036BD22}.Debug|Any CPU.ActiveCfg = Debug|Any CPU
		{A8806375-8939-410E-B5B1-7CA44036BD22}.Debug|Any CPU.Build.0 = Debug|Any CPU
		{A8806375-8939-410E-B5B1-7CA44036BD22}.Release|Any CPU.ActiveCfg = Release|Any CPU
		{A8806375-8939-410E-B5B1-7CA44036BD22}.Release|Any CPU.Build.0 = Release|Any CPU
		{57A67866-223E-4ED5-BECA-A8B3CA93F95E}.Debug|Any CPU.ActiveCfg = Debug|Any CPU
		{57A67866-223E-4ED5-BECA-A8B3CA93F95E}.Debug|Any CPU.Build.0 = Debug|Any CPU
		{57A67866-223E-4ED5-BECA-A8B3CA93F95E}.Release|Any CPU.ActiveCfg = Release|Any CPU
		{57A67866-223E-4ED5-BECA-A8B3CA93F95E}.Release|Any CPU.Build.0 = Release|Any CPU
		{36CA58FB-5C05-4A07-AE50-ED29B36C9124}.Debug|Any CPU.ActiveCfg = Debug|Any CPU
		{36CA58FB-5C05-4A07-AE50-ED29B36C9124}.Debug|Any CPU.Build.0 = Debug|Any CPU
		{36CA58FB-5C05-4A07-AE50-ED29B36C9124}.Release|Any CPU.ActiveCfg = Release|Any CPU
		{36CA58FB-5C05-4A07-AE50-ED29B36C9124}.Release|Any CPU.Build.0 = Release|Any CPU
		{FD185F89-81A0-4F53-9500-2AFCFA3EE02B}.Debug|Any CPU.ActiveCfg = Debug|Any CPU
		{FD185F89-81A0-4F53-9500-2AFCFA3EE02B}.Debug|Any CPU.Build.0 = Debug|Any CPU
		{FD185F89-81A0-4F53-9500-2AFCFA3EE02B}.Release|Any CPU.ActiveCfg = Release|Any CPU
		{FD185F89-81A0-4F53-9500-2AFCFA3EE02B}.Release|Any CPU.Build.0 = Release|Any CPU
		{20F3C43A-B693-4E72-AE40-2D8E67C0BBA4}.Debug|Any CPU.ActiveCfg = Debug|Any CPU
		{20F3C43A-B693-4E72-AE40-2D8E67C0BBA4}.Debug|Any CPU.Build.0 = Debug|Any CPU
		{20F3C43A-B693-4E72-AE40-2D8E67C0BBA4}.Release|Any CPU.ActiveCfg = Release|Any CPU
		{20F3C43A-B693-4E72-AE40-2D8E67C0BBA4}.Release|Any CPU.Build.0 = Release|Any CPU
		{8A2BDAB9-9E22-4790-BE70-2FB7A079EB60}.Debug|Any CPU.ActiveCfg = Debug|Any CPU
		{8A2BDAB9-9E22-4790-BE70-2FB7A079EB60}.Debug|Any CPU.Build.0 = Debug|Any CPU
		{8A2BDAB9-9E22-4790-BE70-2FB7A079EB60}.Release|Any CPU.ActiveCfg = Release|Any CPU
		{8A2BDAB9-9E22-4790-BE70-2FB7A079EB60}.Release|Any CPU.Build.0 = Release|Any CPU
		{2AA77D09-ED03-4E4E-86C4-9378B42518DD}.Debug|Any CPU.ActiveCfg = Debug|Any CPU
		{2AA77D09-ED03-4E4E-86C4-9378B42518DD}.Debug|Any CPU.Build.0 = Debug|Any CPU
		{2AA77D09-ED03-4E4E-86C4-9378B42518DD}.Release|Any CPU.ActiveCfg = Release|Any CPU
		{2AA77D09-ED03-4E4E-86C4-9378B42518DD}.Release|Any CPU.Build.0 = Release|Any CPU
		{2B24F390-8423-4A6C-AF25-0AFC8D3C47EC}.Debug|Any CPU.ActiveCfg = Debug|Any CPU
		{2B24F390-8423-4A6C-AF25-0AFC8D3C47EC}.Debug|Any CPU.Build.0 = Debug|Any CPU
		{2B24F390-8423-4A6C-AF25-0AFC8D3C47EC}.Release|Any CPU.ActiveCfg = Release|Any CPU
		{2B24F390-8423-4A6C-AF25-0AFC8D3C47EC}.Release|Any CPU.Build.0 = Release|Any CPU
		{029FC35F-122E-4718-A39D-79D815990EA3}.Debug|Any CPU.ActiveCfg = Debug|Any CPU
		{029FC35F-122E-4718-A39D-79D815990EA3}.Debug|Any CPU.Build.0 = Debug|Any CPU
		{029FC35F-122E-4718-A39D-79D815990EA3}.Release|Any CPU.ActiveCfg = Release|Any CPU
		{029FC35F-122E-4718-A39D-79D815990EA3}.Release|Any CPU.Build.0 = Release|Any CPU
	EndGlobalSection
	GlobalSection(SolutionProperties) = preSolution
		HideSolutionNode = FALSE
	EndGlobalSection
	GlobalSection(NestedProjects) = preSolution
		{E0337FB7-E146-4E67-91C4-C8849D50C0FA} = {7C51AC0D-172A-4CC1-8FA6-F11876809225}
		{30E9144B-A33B-4DEA-9B5C-0897F81BC53A} = {9D69CA7F-9ADC-4957-A11D-A37FF1A076E2}
		{CD22D6E4-837C-45A2-AB11-E74BDBC49D63} = {70760C75-ABDE-4459-9E11-0A09763AC8D9}
		{70760C75-ABDE-4459-9E11-0A09763AC8D9} = {9D69CA7F-9ADC-4957-A11D-A37FF1A076E2}
		{C7B01411-DD2F-4AEC-9FEE-330A2C7C52A0} = {23EB85C5-4021-4113-A841-F008E13D20CF}
		{ADC7A2B4-02D9-4C7C-B1B2-9C1B91A33DED} = {9D69CA7F-9ADC-4957-A11D-A37FF1A076E2}
		{6EF1219E-4CE8-45BB-A93B-5AD75B6FDA10} = {ADC7A2B4-02D9-4C7C-B1B2-9C1B91A33DED}
		{71865F22-CA9C-4FDC-973E-5AD1941CA585} = {30E9144B-A33B-4DEA-9B5C-0897F81BC53A}
		{E2CFC051-2B50-48C8-8177-165A958F6757} = {BB17777B-4C37-4AE1-B628-2B11273908FC}
		{6D0DD796-9CF9-40D9-BD20-A4549A400A1E} = {E2CFC051-2B50-48C8-8177-165A958F6757}
		{C50A78DE-FDD8-4BAF-AD0A-4651CEC271A2} = {BB17777B-4C37-4AE1-B628-2B11273908FC}
		{EFB142D3-29AF-469A-89DB-8B6AC855DA27} = {C50A78DE-FDD8-4BAF-AD0A-4651CEC271A2}
		{C41A5070-1654-41DD-A9A4-953561839A48} = {C50A78DE-FDD8-4BAF-AD0A-4651CEC271A2}
		{3163812D-6981-4F38-83FB-2300D6DE9540} = {BB17777B-4C37-4AE1-B628-2B11273908FC}
		{40572ADB-0365-4DF6-A03B-28A9708BE5E0} = {3163812D-6981-4F38-83FB-2300D6DE9540}
		{B5FF634E-CADF-401A-9AE3-C5449AAC461E} = {9B73F1D2-0BC6-439E-A2C2-C9C41B3FC061}
		{2FD3AA29-A37E-4DFC-9DC9-88EE044B5DAA} = {9B73F1D2-0BC6-439E-A2C2-C9C41B3FC061}
		{A8806375-8939-410E-B5B1-7CA44036BD22} = {9B73F1D2-0BC6-439E-A2C2-C9C41B3FC061}
		{57A67866-223E-4ED5-BECA-A8B3CA93F95E} = {CD1433C3-289E-4003-BCA9-B90CC1C868C4}
		{A0905FEA-C441-423F-A381-5790ACBA7180} = {BB17777B-4C37-4AE1-B628-2B11273908FC}
		{36CA58FB-5C05-4A07-AE50-ED29B36C9124} = {A0905FEA-C441-423F-A381-5790ACBA7180}
		{FD185F89-81A0-4F53-9500-2AFCFA3EE02B} = {9B73F1D2-0BC6-439E-A2C2-C9C41B3FC061}
		{20F3C43A-B693-4E72-AE40-2D8E67C0BBA4} = {E2CFC051-2B50-48C8-8177-165A958F6757}
		{23EB85C5-4021-4113-A841-F008E13D20CF} = {70760C75-ABDE-4459-9E11-0A09763AC8D9}
		{8A2BDAB9-9E22-4790-BE70-2FB7A079EB60} = {0D9E59D6-5355-44FE-A0CD-9D1D747B5807}
		{2AA77D09-ED03-4E4E-86C4-9378B42518DD} = {0D9E59D6-5355-44FE-A0CD-9D1D747B5807}
		{2B24F390-8423-4A6C-AF25-0AFC8D3C47EC} = {0D9E59D6-5355-44FE-A0CD-9D1D747B5807}
		{029FC35F-122E-4718-A39D-79D815990EA3} = {0D9E59D6-5355-44FE-A0CD-9D1D747B5807}
	EndGlobalSection
	GlobalSection(ExtensibilityGlobals) = postSolution
		SolutionGuid = {19C1B536-2174-4619-A125-D9DC2F1D53BC}
	EndGlobalSection
EndGlobal
